
Microsoft Visual Studio Solution File, Format Version 12.00
# Visual Studio 14
VisualStudioVersion = 14.0.25420.1
MinimumVisualStudioVersion = 10.0.40219.1
Project("{8BC9CEB8-8B4A-11D0-8D11-00A0C91BC942}") = "libtheora_static", "libtheora\libtheora_static.vcxproj", "{653F3841-3F26-49B9-AFCF-091DB4B67031}"
EndProject
Project("{8BC9CEB8-8B4A-11D0-8D11-00A0C91BC942}") = "dump_video_static", "dump_video\dump_video_static.vcxproj", "{1A8CA99D-B6C7-48CB-B263-6CECDADF5FBF}"
EndProject
Global
	GlobalSection(SolutionConfigurationPlatforms) = preSolution
		Debug|Win32 = Debug|Win32
		Debug|x64 = Debug|x64
		Release|Win32 = Release|Win32
		Release|x64 = Release|x64
	EndGlobalSection
	GlobalSection(ProjectConfigurationPlatforms) = postSolution
		{653F3841-3F26-49B9-AFCF-091DB4B67031}.Debug|Win32.ActiveCfg = Debug|Win32
		{653F3841-3F26-49B9-AFCF-091DB4B67031}.Debug|Win32.Build.0 = Debug|Win32
		{653F3841-3F26-49B9-AFCF-091DB4B67031}.Debug|x64.ActiveCfg = Debug|x64
		{653F3841-3F26-49B9-AFCF-091DB4B67031}.Debug|x64.Build.0 = Debug|x64
		{653F3841-3F26-49B9-AFCF-091DB4B67031}.Release|Win32.ActiveCfg = Release|Win32
		{653F3841-3F26-49B9-AFCF-091DB4B67031}.Release|Win32.Build.0 = Release|Win32
		{653F3841-3F26-49B9-AFCF-091DB4B67031}.Release|x64.ActiveCfg = Release|x64
		{653F3841-3F26-49B9-AFCF-091DB4B67031}.Release|x64.Build.0 = Release|x64
		{1A8CA99D-B6C7-48CB-B263-6CECDADF5FBF}.Debug|Win32.ActiveCfg = Debug|Win32
		{1A8CA99D-B6C7-48CB-B263-6CECDADF5FBF}.Debug|Win32.Build.0 = Debug|Win32
		{1A8CA99D-B6C7-48CB-B263-6CECDADF5FBF}.Debug|x64.ActiveCfg = Debug|x64
		{1A8CA99D-B6C7-48CB-B263-6CECDADF5FBF}.Debug|x64.Build.0 = Debug|x64
		{1A8CA99D-B6C7-48CB-B263-6CECDADF5FBF}.Release|Win32.ActiveCfg = Release|Win32
		{1A8CA99D-B6C7-48CB-B263-6CECDADF5FBF}.Release|Win32.Build.0 = Release|Win32
		{1A8CA99D-B6C7-48CB-B263-6CECDADF5FBF}.Release|x64.ActiveCfg = Release|x64
		{1A8CA99D-B6C7-48CB-B263-6CECDADF5FBF}.Release|x64.Build.0 = Release|x64
	EndGlobalSection
	GlobalSection(SolutionProperties) = preSolution
		HideSolutionNode = FALSE
	EndGlobalSection
EndGlobal
